<?xml version="1.0" encoding="utf-8"?>
<Project ToolsVersion="4.0" xmlns="http://schemas.microsoft.com/developer/msbuild/2003">
  <ItemGroup>
    <Filter Include="arx">
      <UniqueIdentifier>{9549cfce-531b-4559-81ec-3d23b969dca9}</UniqueIdentifier>
    </Filter>
    <Filter Include="arx\ext">
      <UniqueIdentifier>{c3f47e33-70f8-4dfa-8195-cd6355c5e91a}</UniqueIdentifier>
    </Filter>
    <Filter Include="arx\ext\qt">
      <UniqueIdentifier>{514d0a5a-4796-4ff1-8294-045aba875e41}</UniqueIdentifier>
    </Filter>
    <Filter Include="test">
      <UniqueIdentifier>{97a416ed-756b-44bf-ac49-0ad3b7bccfb8}</UniqueIdentifier>
    </Filter>
    <Filter Include="arx\ext\vigra">
      <UniqueIdentifier>{23145901-7de0-404f-a567-b761b5632045}</UniqueIdentifier>
    </Filter>
    <Filter Include="arx\ext\qt\vigra_qt">
      <UniqueIdentifier>{12d303b1-02de-4839-8af5-efb34c52c61d}</UniqueIdentifier>
    </Filter>
    <Filter Include="arx\ext\qt\form_printer">
      <UniqueIdentifier>{95c17d88-6f85-4683-be69-5cdd185bc48e}</UniqueIdentifier>
    </Filter>
    <Filter Include="arx\ext\qt\xml">
      <UniqueIdentifier>{ef908052-844e-46c0-a3c3-5369411db4a4}</UniqueIdentifier>
    </Filter>
    <Filter Include="arx\xml">
      <UniqueIdentifier>{3f32e3ac-7cff-4de6-99da-9f080fec89bc}</UniqueIdentifier>
    </Filter>
  </ItemGroup>
  <ItemGroup>
    <ClInclude Include="..\src\arx\config.h">
      <Filter>arx</Filter>
    </ClInclude>
    <ClInclude Include="..\src\arx\Foreach.h">
      <Filter>arx</Filter>
    </ClInclude>
    <ClInclude Include="..\src\arx\HasXxx.h">
      <Filter>arx</Filter>
    </ClInclude>
    <ClInclude Include="..\src\arx\LambdaHack.h">
      <Filter>arx</Filter>
    </ClInclude>
    <ClInclude Include="..\src\arx\Memory.h">
      <Filter>arx</Filter>
    </ClInclude>
    <ClInclude Include="..\src\arx\Null.h">
      <Filter>arx</Filter>
    </ClInclude>
    <ClInclude Include="..\src\arx\ObjectPool.h">
      <Filter>arx</Filter>
    </ClInclude>
    <ClInclude Include="..\src\arx\Preprocessor.h">
      <Filter>arx</Filter>
    </ClInclude>
    <ClInclude Include="..\src\arx\StaticBlock.h">
      <Filter>arx</Filter>
    </ClInclude>
    <ClInclude Include="..\src\arx\StaticCounter.h">
      <Filter>arx</Filter>
    </ClInclude>
    <ClInclude Include="..\src\arx\Utility.h">
      <Filter>arx</Filter>
    </ClInclude>
    <ClInclude Include="..\src\arx\ext\config.h">
      <Filter>arx\ext</Filter>
    </ClInclude>
    <ClInclude Include="..\src\arx\ext\Magick.h">
      <Filter>arx\ext</Filter>
    </ClInclude>
    <ClInclude Include="..\src\arx\ext\OpenCV.h">
      <Filter>arx\ext</Filter>
    </ClInclude>
    <ClInclude Include="..\src\arx\ext\Qt.h">
      <Filter>arx\ext</Filter>
    </ClInclude>
    <ClInclude Include="..\src\arx\ext\Vigra.h">
      <Filter>arx\ext</Filter>
    </ClInclude>
    <ClInclude Include="..\src\arx\ext\VigraMagick.h">
      <Filter>arx\ext</Filter>
    </ClInclude>
    <ClInclude Include="..\src\arx\ext\VigraOpenCV.h">
      <Filter>arx\ext</Filter>
    </ClInclude>
    <ClInclude Include="..\src\arx\ext\qt\config.h">
      <Filter>arx\ext\qt</Filter>
    </ClInclude>
    <ClInclude Include="..\src\arx\Range.h">
      <Filter>arx</Filter>
    </ClInclude>
    <ClInclude Include="..\src\arx\HashHack.h">
      <Filter>arx</Filter>
    </ClInclude>
    <ClInclude Include="..\src\arx\ext\VigraQt.h">
      <Filter>arx\ext</Filter>
    </ClInclude>
    <ClInclude Include="..\src\arx\ext\vigra\Accessors.h">
      <Filter>arx\ext\vigra</Filter>
    </ClInclude>
    <ClInclude Include="..\src\arx\ext\vigra\Binarization.h">
      <Filter>arx\ext\vigra</Filter>
    </ClInclude>
    <ClInclude Include="..\src\arx\ext\vigra\Colors.h">
      <Filter>arx\ext\vigra</Filter>
    </ClInclude>
    <ClInclude Include="..\src\arx\ext\vigra\config.h">
      <Filter>arx\ext\vigra</Filter>
    </ClInclude>
    <ClInclude Include="..\src\arx\ext\vigra\Convert.h">
      <Filter>arx\ext\vigra</Filter>
    </ClInclude>
    <ClInclude Include="..\src\arx\ext\vigra\Converter.h">
      <Filter>arx\ext\vigra</Filter>
    </ClInclude>
    <ClInclude Include="..\src\arx\ext\vigra\Drawing.h">
      <Filter>arx\ext\vigra</Filter>
    </ClInclude>
    <ClInclude Include="..\src\arx\ext\vigra\MetaFunctions.h">
      <Filter>arx\ext\vigra</Filter>
    </ClInclude>
    <ClInclude Include="..\src\arx\ext\vigra\RGBAValue.h">
      <Filter>arx\ext\vigra</Filter>
    </ClInclude>
    <ClInclude Include="..\src\arx\ext\vigra\StdImage.h">
      <Filter>arx\ext\vigra</Filter>
    </ClInclude>
    <ClInclude Include="..\src\arx\ext\vigra\Validation.h">
      <Filter>arx\ext\vigra</Filter>
    </ClInclude>
    <ClInclude Include="..\src\arx\ext\qt\FormGenerator.h">
      <Filter>arx\ext\qt\form_printer</Filter>
    </ClInclude>
    <ClInclude Include="..\src\arx\ext\qt\FormPrinter.h">
      <Filter>arx\ext\qt\form_printer</Filter>
    </ClInclude>
    <ClInclude Include="..\src\arx\Properties.h">
      <Filter>arx</Filter>
    </ClInclude>
    <ClInclude Include="..\src\arx\ext\qt\XmlQDomNodeWalker.h">
      <Filter>arx\ext\qt\xml</Filter>
    </ClInclude>
    <ClInclude Include="..\src\arx\ext\qt\XmlQDomNodeInspector.h">
      <Filter>arx\ext\qt\xml</Filter>
    </ClInclude>
    <ClInclude Include="..\src\arx\ext\qt\XmlQStringProcessor.h">
      <Filter>arx\ext\qt\xml</Filter>
    </ClInclude>
    <ClInclude Include="..\src\arx\xml\Binding.h">
      <Filter>arx\xml</Filter>
    </ClInclude>
    <ClInclude Include="..\src\arx\xml\Error.h">
      <Filter>arx\xml</Filter>
    </ClInclude>
    <ClInclude Include="..\src\arx\xml\NodeInspector.h">
      <Filter>arx\xml</Filter>
    </ClInclude>
    <ClInclude Include="..\src\arx\xml\NodeWalker.h">
      <Filter>arx\xml</Filter>
    </ClInclude>
    <ClInclude Include="..\src\arx\xml\Path.h">
      <Filter>arx\xml</Filter>
    </ClInclude>
    <ClInclude Include="..\src\arx\xml\StringProcessor.h">
      <Filter>arx\xml</Filter>
    </ClInclude>
    <ClInclude Include="..\src\arx\xml\UserData.h">
      <Filter>arx\xml</Filter>
    </ClInclude>
    <ClInclude Include="..\src\arx\ext\qt\XmlBinding.h">
      <Filter>arx\ext\qt\xml</Filter>
    </ClInclude>
  </ItemGroup>
  <ItemGroup>
    <None Include="..\src\arx\ext\VigraQt.pri">
      <Filter>arx\ext</Filter>
    </None>
    <None Include="..\src\arx\ext\qt\FormPrinter.pri">
      <Filter>arx\ext\qt\form_printer</Filter>
    </None>
    <None Include="..\src\arx\ext\qt\XmlBinding.pri">
      <Filter>arx\ext\qt\xml</Filter>
    </None>
  </ItemGroup>
  <ItemGroup>
    <ClCompile Include="..\src\test\arxtest.cpp">
      <Filter>test</Filter>
    </ClCompile>
    <ClCompile Include="..\src\arx\ext\qt\VigraQtStaticPlugins.cpp">
      <Filter>arx\ext\qt\vigra_qt</Filter>
    </ClCompile>
  </ItemGroup>
</Project>